// !$*UTF8*$!
{
	archiveVersion = 1;
	classes = {
	};
	objectVersion = 52;
	objects = {

/* Begin PBXBuildFile section */
		7B802240255FA29900E75CD9 /* NoteTekrApp.swift in Sources */ = {isa = PBXBuildFile; fileRef = 7B80223F255FA29900E75CD9 /* NoteTekrApp.swift */; };
		7B802242255FA29900E75CD9 /* ContentView.swift in Sources */ = {isa = PBXBuildFile; fileRef = 7B802241255FA29900E75CD9 /* ContentView.swift */; };
		7B802244255FA29A00E75CD9 /* Assets.xcassets in Resources */ = {isa = PBXBuildFile; fileRef = 7B802243255FA29A00E75CD9 /* Assets.xcassets */; };
		7B802247255FA29A00E75CD9 /* Preview Assets.xcassets in Resources */ = {isa = PBXBuildFile; fileRef = 7B802246255FA29A00E75CD9 /* Preview Assets.xcassets */; };
		7B802255255FA8D300E75CD9 /* NavigationConfigurator.swift in Sources */ = {isa = PBXBuildFile; fileRef = 7B802254255FA8D300E75CD9 /* NavigationConfigurator.swift */; };
		7B80225B255FA95400E75CD9 /* NavigationModifier.swift in Sources */ = {isa = PBXBuildFile; fileRef = 7B80225A255FA95400E75CD9 /* NavigationModifier.swift */; };
		7B80225F255FAC0500E75CD9 /* NotesMainView.swift in Sources */ = {isa = PBXBuildFile; fileRef = 7B80225E255FAC0500E75CD9 /* NotesMainView.swift */; };
		7B802265255FAD4D00E75CD9 /* EnvObj.swift in Sources */ = {isa = PBXBuildFile; fileRef = 7B802264255FAD4D00E75CD9 /* EnvObj.swift */; };
		7B802268255FAF1900E75CD9 /* NoteEditor.swift in Sources */ = {isa = PBXBuildFile; fileRef = 7B802267255FAF1900E75CD9 /* NoteEditor.swift */; };
		7B80226B255FB20A00E75CD9 /* CornerRadiusExtension.swift in Sources */ = {isa = PBXBuildFile; fileRef = 7B80226A255FB20A00E75CD9 /* CornerRadiusExtension.swift */; };
		7B80226E255FB5B700E75CD9 /* EditContentButton.swift in Sources */ = {isa = PBXBuildFile; fileRef = 7B80226D255FB5B700E75CD9 /* EditContentButton.swift */; };
		7B802272255FDCBC00E75CD9 /* Model.xcdatamodeld in Sources */ = {isa = PBXBuildFile; fileRef = 7B802270255FDCBC00E75CD9 /* Model.xcdatamodeld */; };
		7B802277255FDE7000E75CD9 /* PersistenceController.swift in Sources */ = {isa = PBXBuildFile; fileRef = 7B802276255FDE7000E75CD9 /* PersistenceController.swift */; };
		7B80227E2560344900E75CD9 /* Down in Frameworks */ = {isa = PBXBuildFile; productRef = 7B80227D2560344900E75CD9 /* Down */; };
		7B80228525603F8F00E75CD9 /* MDText.swift in Sources */ = {isa = PBXBuildFile; fileRef = 7B80228425603F8F00E75CD9 /* MDText.swift */; };
/* End PBXBuildFile section */

/* Begin PBXFileReference section */
		7B80223C255FA29900E75CD9 /* NoteTekr.app */ = {isa = PBXFileReference; explicitFileType = wrapper.application; includeInIndex = 0; path = NoteTekr.app; sourceTree = BUILT_PRODUCTS_DIR; };
		7B80223F255FA29900E75CD9 /* NoteTekrApp.swift */ = {isa = PBXFileReference; lastKnownFileType = sourcecode.swift; path = NoteTekrApp.swift; sourceTree = "<group>"; };
		7B802241255FA29900E75CD9 /* ContentView.swift */ = {isa = PBXFileReference; lastKnownFileType = sourcecode.swift; path = ContentView.swift; sourceTree = "<group>"; };
		7B802243255FA29A00E75CD9 /* Assets.xcassets */ = {isa = PBXFileReference; lastKnownFileType = folder.assetcatalog; path = Assets.xcassets; sourceTree = "<group>"; };
		7B802246255FA29A00E75CD9 /* Preview Assets.xcassets */ = {isa = PBXFileReference; lastKnownFileType = folder.assetcatalog; path = "Preview Assets.xcassets"; sourceTree = "<group>"; };
		7B802248255FA29A00E75CD9 /* Info.plist */ = {isa = PBXFileReference; lastKnownFileType = text.plist.xml; path = Info.plist; sourceTree = "<group>"; };
		7B802254255FA8D300E75CD9 /* NavigationConfigurator.swift */ = {isa = PBXFileReference; lastKnownFileType = sourcecode.swift; path = NavigationConfigurator.swift; sourceTree = "<group>"; };
		7B80225A255FA95400E75CD9 /* NavigationModifier.swift */ = {isa = PBXFileReference; lastKnownFileType = sourcecode.swift; path = NavigationModifier.swift; sourceTree = "<group>"; };
		7B80225E255FAC0500E75CD9 /* NotesMainView.swift */ = {isa = PBXFileReference; lastKnownFileType = sourcecode.swift; path = NotesMainView.swift; sourceTree = "<group>"; };
		7B802264255FAD4D00E75CD9 /* EnvObj.swift */ = {isa = PBXFileReference; lastKnownFileType = sourcecode.swift; path = EnvObj.swift; sourceTree = "<group>"; };
		7B802267255FAF1900E75CD9 /* NoteEditor.swift */ = {isa = PBXFileReference; lastKnownFileType = sourcecode.swift; path = NoteEditor.swift; sourceTree = "<group>"; };
		7B80226A255FB20A00E75CD9 /* CornerRadiusExtension.swift */ = {isa = PBXFileReference; lastKnownFileType = sourcecode.swift; path = CornerRadiusExtension.swift; sourceTree = "<group>"; };
		7B80226D255FB5B700E75CD9 /* EditContentButton.swift */ = {isa = PBXFileReference; lastKnownFileType = sourcecode.swift; path = EditContentButton.swift; sourceTree = "<group>"; };
		7B802271255FDCBC00E75CD9 /* Model.xcdatamodel */ = {isa = PBXFileReference; lastKnownFileType = wrapper.xcdatamodel; path = Model.xcdatamodel; sourceTree = "<group>"; };
		7B802276255FDE7000E75CD9 /* PersistenceController.swift */ = {isa = PBXFileReference; lastKnownFileType = sourcecode.swift; path = PersistenceController.swift; sourceTree = "<group>"; };
		7B80228425603F8F00E75CD9 /* MDText.swift */ = {isa = PBXFileReference; lastKnownFileType = sourcecode.swift; path = MDText.swift; sourceTree = "<group>"; };
/* End PBXFileReference section */

/* Begin PBXFrameworksBuildPhase section */
		7B802239255FA29800E75CD9 /* Frameworks */ = {
			isa = PBXFrameworksBuildPhase;
			buildActionMask = 2147483647;
			files = (
				7B80227E2560344900E75CD9 /* Down in Frameworks */,
			);
			runOnlyForDeploymentPostprocessing = 0;
		};
/* End PBXFrameworksBuildPhase section */

/* Begin PBXGroup section */
		7B802233255FA29800E75CD9 = {
			isa = PBXGroup;
			children = (
				7B80223E255FA29900E75CD9 /* NoteTekr */,
				7B80223D255FA29900E75CD9 /* Products */,
			);
			sourceTree = "<group>";
		};
		7B80223D255FA29900E75CD9 /* Products */ = {
			isa = PBXGroup;
			children = (
				7B80223C255FA29900E75CD9 /* NoteTekr.app */,
			);
			name = Products;
			sourceTree = "<group>";
		};
		7B80223E255FA29900E75CD9 /* NoteTekr */ = {
			isa = PBXGroup;
			children = (
				7B802253255FA8B900E75CD9 /* Helper Code */,
				7B802251255FA2ED00E75CD9 /* Views */,
				7B802250255FA2E300E75CD9 /* Controller */,
				7B80224F255FA2D700E75CD9 /* Model */,
				7B80223F255FA29900E75CD9 /* NoteTekrApp.swift */,
				7B802248255FA29A00E75CD9 /* Info.plist */,
				7B802243255FA29A00E75CD9 /* Assets.xcassets */,
				7B802245255FA29A00E75CD9 /* Preview Content */,
			);
			path = NoteTekr;
			sourceTree = "<group>";
		};
		7B802245255FA29A00E75CD9 /* Preview Content */ = {
			isa = PBXGroup;
			children = (
				7B802246255FA29A00E75CD9 /* Preview Assets.xcassets */,
			);
			path = "Preview Content";
			sourceTree = "<group>";
		};
		7B80224F255FA2D700E75CD9 /* Model */ = {
			isa = PBXGroup;
			children = (
				7B802270255FDCBC00E75CD9 /* Model.xcdatamodeld */,
			);
			path = Model;
			sourceTree = "<group>";
		};
		7B802250255FA2E300E75CD9 /* Controller */ = {
			isa = PBXGroup;
			children = (
				7B802264255FAD4D00E75CD9 /* EnvObj.swift */,
				7B802276255FDE7000E75CD9 /* PersistenceController.swift */,
			);
			path = Controller;
			sourceTree = "<group>";
		};
		7B802251255FA2ED00E75CD9 /* Views */ = {
			isa = PBXGroup;
			children = (
				7B802241255FA29900E75CD9 /* ContentView.swift */,
				7B80225E255FAC0500E75CD9 /* NotesMainView.swift */,
				7B802267255FAF1900E75CD9 /* NoteEditor.swift */,
				7B80226D255FB5B700E75CD9 /* EditContentButton.swift */,
			);
			path = Views;
			sourceTree = "<group>";
		};
		7B802253255FA8B900E75CD9 /* Helper Code */ = {
			isa = PBXGroup;
			children = (
				7B802254255FA8D300E75CD9 /* NavigationConfigurator.swift */,
				7B80225A255FA95400E75CD9 /* NavigationModifier.swift */,
				7B80226A255FB20A00E75CD9 /* CornerRadiusExtension.swift */,
				7B80228425603F8F00E75CD9 /* MDText.swift */,
			);
			path = "Helper Code";
			sourceTree = "<group>";
		};
/* End PBXGroup section */

/* Begin PBXNativeTarget section */
		7B80223B255FA29800E75CD9 /* NoteTekr */ = {
			isa = PBXNativeTarget;
			buildConfigurationList = 7B80224B255FA29A00E75CD9 /* Build configuration list for PBXNativeTarget "NoteTekr" */;
			buildPhases = (
				7B802238255FA29800E75CD9 /* Sources */,
				7B802239255FA29800E75CD9 /* Frameworks */,
				7B80223A255FA29800E75CD9 /* Resources */,
			);
			buildRules = (
			);
			dependencies = (
			);
			name = NoteTekr;
			packageProductDependencies = (
				7B80227D2560344900E75CD9 /* Down */,
			);
			productName = NoteTekr;
			productReference = 7B80223C255FA29900E75CD9 /* NoteTekr.app */;
			productType = "com.apple.product-type.application";
		};
/* End PBXNativeTarget section */

/* Begin PBXProject section */
		7B802234255FA29800E75CD9 /* Project object */ = {
			isa = PBXProject;
			attributes = {
				LastSwiftUpdateCheck = 1210;
				LastUpgradeCheck = 1210;
				TargetAttributes = {
					7B80223B255FA29800E75CD9 = {
						CreatedOnToolsVersion = 12.1;
					};
				};
			};
			buildConfigurationList = 7B802237255FA29800E75CD9 /* Build configuration list for PBXProject "NoteTekr" */;
			compatibilityVersion = "Xcode 9.3";
			developmentRegion = en;
			hasScannedForEncodings = 0;
			knownRegions = (
				en,
				Base,
			);
			mainGroup = 7B802233255FA29800E75CD9;
			packageReferences = (
				7B80227C2560344900E75CD9 /* XCRemoteSwiftPackageReference "Down" */,
			);
			productRefGroup = 7B80223D255FA29900E75CD9 /* Products */;
			projectDirPath = "";
			projectRoot = "";
			targets = (
				7B80223B255FA29800E75CD9 /* NoteTekr */,
			);
		};
/* End PBXProject section */

/* Begin PBXResourcesBuildPhase section */
		7B80223A255FA29800E75CD9 /* Resources */ = {
			isa = PBXResourcesBuildPhase;
			buildActionMask = 2147483647;
			files = (
				7B802247255FA29A00E75CD9 /* Preview Assets.xcassets in Resources */,
				7B802244255FA29A00E75CD9 /* Assets.xcassets in Resources */,
			);
			runOnlyForDeploymentPostprocessing = 0;
		};
/* End PBXResourcesBuildPhase section */

/* Begin PBXSourcesBuildPhase section */
		7B802238255FA29800E75CD9 /* Sources */ = {
			isa = PBXSourcesBuildPhase;
			buildActionMask = 2147483647;
			files = (
				7B802268255FAF1900E75CD9 /* NoteEditor.swift in Sources */,
				7B802242255FA29900E75CD9 /* ContentView.swift in Sources */,
				7B80226E255FB5B700E75CD9 /* EditContentButton.swift in Sources */,
				7B802265255FAD4D00E75CD9 /* EnvObj.swift in Sources */,
				7B80228525603F8F00E75CD9 /* MDText.swift in Sources */,
				7B802277255FDE7000E75CD9 /* PersistenceController.swift in Sources */,
				7B80225F255FAC0500E75CD9 /* NotesMainView.swift in Sources */,
				7B802255255FA8D300E75CD9 /* NavigationConfigurator.swift in Sources */,
				7B80225B255FA95400E75CD9 /* NavigationModifier.swift in Sources */,
				7B802240255FA29900E75CD9 /* NoteTekrApp.swift in Sources */,
				7B802272255FDCBC00E75CD9 /* Model.xcdatamodeld in Sources */,
				7B80226B255FB20A00E75CD9 /* CornerRadiusExtension.swift in Sources */,
			);
			runOnlyForDeploymentPostprocessing = 0;
		};
/* End PBXSourcesBuildPhase section */

/* Begin XCBuildConfiguration section */
		7B802249255FA29A00E75CD9 /* Debug */ = {
			isa = XCBuildConfiguration;
			buildSettings = {
				ALWAYS_SEARCH_USER_PATHS = NO;
				CLANG_ANALYZER_NONNULL = YES;
				CLANG_ANALYZER_NUMBER_OBJECT_CONVERSION = YES_AGGRESSIVE;
				CLANG_CXX_LANGUAGE_STANDARD = "gnu++14";
				CLANG_CXX_LIBRARY = "libc++";
				CLANG_ENABLE_MODULES = YES;
				CLANG_ENABLE_OBJC_ARC = YES;
				CLANG_ENABLE_OBJC_WEAK = YES;
				CLANG_WARN_BLOCK_CAPTURE_AUTORELEASING = YES;
				CLANG_WARN_BOOL_CONVERSION = YES;
				CLANG_WARN_COMMA = YES;
				CLANG_WARN_CONSTANT_CONVERSION = YES;
				CLANG_WARN_DEPRECATED_OBJC_IMPLEMENTATIONS = YES;
				CLANG_WARN_DIRECT_OBJC_ISA_USAGE = YES_ERROR;
				CLANG_WARN_DOCUMENTATION_COMMENTS = YES;
				CLANG_WARN_EMPTY_BODY = YES;
				CLANG_WARN_ENUM_CONVERSION = YES;
				CLANG_WARN_INFINITE_RECURSION = YES;
				CLANG_WARN_INT_CONVERSION = YES;
				CLANG_WARN_NON_LITERAL_NULL_CONVERSION = YES;
				CLANG_WARN_OBJC_IMPLICIT_RETAIN_SELF = YES;
				CLANG_WARN_OBJC_LITERAL_CONVERSION = YES;
				CLANG_WARN_OBJC_ROOT_CLASS = YES_ERROR;
				CLANG_WARN_QUOTED_INCLUDE_IN_FRAMEWORK_HEADER = YES;
				CLANG_WARN_RANGE_LOOP_ANALYSIS = YES;
				CLANG_WARN_STRICT_PROTOTYPES = YES;
				CLANG_WARN_SUSPICIOUS_MOVE = YES;
				CLANG_WARN_UNGUARDED_AVAILABILITY = YES_AGGRESSIVE;
				CLANG_WARN_UNREACHABLE_CODE = YES;
				CLANG_WARN__DUPLICATE_METHOD_MATCH = YES;
				COPY_PHASE_STRIP = NO;
				DEBUG_INFORMATION_FORMAT = dwarf;
				ENABLE_STRICT_OBJC_MSGSEND = YES;
				ENABLE_TESTABILITY = YES;
				GCC_C_LANGUAGE_STANDARD = gnu11;
				GCC_DYNAMIC_NO_PIC = NO;
				GCC_NO_COMMON_BLOCKS = YES;
				GCC_OPTIMIZATION_LEVEL = 0;
				GCC_PREPROCESSOR_DEFINITIONS = (
					"DEBUG=1",
					"$(inherited)",
				);
				GCC_WARN_64_TO_32_BIT_CONVERSION = YES;
				GCC_WARN_ABOUT_RETURN_TYPE = YES_ERROR;
				GCC_WARN_UNDECLARED_SELECTOR = YES;
				GCC_WARN_UNINITIALIZED_AUTOS = YES_AGGRESSIVE;
				GCC_WARN_UNUSED_FUNCTION = YES;
				GCC_WARN_UNUSED_VARIABLE = YES;
				IPHONEOS_DEPLOYMENT_TARGET = 14.1;
				MTL_ENABLE_DEBUG_INFO = INCLUDE_SOURCE;
				MTL_FAST_MATH = YES;
				ONLY_ACTIVE_ARCH = YES;
				SDKROOT = iphoneos;
				SWIFT_ACTIVE_COMPILATION_CONDITIONS = DEBUG;
				SWIFT_OPTIMIZATION_LEVEL = "-Onone";
			};
			name = Debug;
		};
		7B80224A255FA29A00E75CD9 /* Release */ = {
			isa = XCBuildConfiguration;
			buildSettings = {
				ALWAYS_SEARCH_USER_PATHS = NO;
				CLANG_ANALYZER_NONNULL = YES;
				CLANG_ANALYZER_NUMBER_OBJECT_CONVERSION = YES_AGGRESSIVE;
				CLANG_CXX_LANGUAGE_STANDARD = "gnu++14";
				CLANG_CXX_LIBRARY = "libc++";
				CLANG_ENABLE_MODULES = YES;
				CLANG_ENABLE_OBJC_ARC = YES;
				CLANG_ENABLE_OBJC_WEAK = YES;
				CLANG_WARN_BLOCK_CAPTURE_AUTORELEASING = YES;
				CLANG_WARN_BOOL_CONVERSION = YES;
				CLANG_WARN_COMMA = YES;
				CLANG_WARN_CONSTANT_CONVERSION = YES;
				CLANG_WARN_DEPRECATED_OBJC_IMPLEMENTATIONS = YES;
				CLANG_WARN_DIRECT_OBJC_ISA_USAGE = YES_ERROR;
				CLANG_WARN_DOCUMENTATION_COMMENTS = YES;
				CLANG_WARN_EMPTY_BODY = YES;
				CLANG_WARN_ENUM_CONVERSION = YES;
				CLANG_WARN_INFINITE_RECURSION = YES;
				CLANG_WARN_INT_CONVERSION = YES;
				CLANG_WARN_NON_LITERAL_NULL_CONVERSION = YES;
				CLANG_WARN_OBJC_IMPLICIT_RETAIN_SELF = YES;
				CLANG_WARN_OBJC_LITERAL_CONVERSION = YES;
				CLANG_WARN_OBJC_ROOT_CLASS = YES_ERROR;
				CLANG_WARN_QUOTED_INCLUDE_IN_FRAMEWORK_HEADER = YES;
				CLANG_WARN_RANGE_LOOP_ANALYSIS = YES;
				CLANG_WARN_STRICT_PROTOTYPES = YES;
				CLANG_WARN_SUSPICIOUS_MOVE = YES;
				CLANG_WARN_UNGUARDED_AVAILABILITY = YES_AGGRESSIVE;
				CLANG_WARN_UNREACHABLE_CODE = YES;
				CLANG_WARN__DUPLICATE_METHOD_MATCH = YES;
				COPY_PHASE_STRIP = NO;
				DEBUG_INFORMATION_FORMAT = "dwarf-with-dsym";
				ENABLE_NS_ASSERTIONS = NO;
				ENABLE_STRICT_OBJC_MSGSEND = YES;
				GCC_C_LANGUAGE_STANDARD = gnu11;
				GCC_NO_COMMON_BLOCKS = YES;
				GCC_WARN_64_TO_32_BIT_CONVERSION = YES;
				GCC_WARN_ABOUT_RETURN_TYPE = YES_ERROR;
				GCC_WARN_UNDECLARED_SELECTOR = YES;
				GCC_WARN_UNINITIALIZED_AUTOS = YES_AGGRESSIVE;
				GCC_WARN_UNUSED_FUNCTION = YES;
				GCC_WARN_UNUSED_VARIABLE = YES;
				IPHONEOS_DEPLOYMENT_TARGET = 14.1;
				MTL_ENABLE_DEBUG_INFO = NO;
				MTL_FAST_MATH = YES;
				SDKROOT = iphoneos;
				SWIFT_COMPILATION_MODE = wholemodule;
				SWIFT_OPTIMIZATION_LEVEL = "-O";
				VALIDATE_PRODUCT = YES;
			};
			name = Release;
		};
		7B80224C255FA29A00E75CD9 /* Debug */ = {
			isa = XCBuildConfiguration;
			buildSettings = {
				ASSETCATALOG_COMPILER_APPICON_NAME = AppIcon;
				ASSETCATALOG_COMPILER_GLOBAL_ACCENT_COLOR_NAME = AccentColor;
				CODE_SIGN_STYLE = Automatic;
				DEVELOPMENT_ASSET_PATHS = "\"NoteTekr/Preview Content\"";
				ENABLE_PREVIEWS = YES;
				INFOPLIST_FILE = NoteTekr/Info.plist;
				IPHONEOS_DEPLOYMENT_TARGET = 14.0;
				LD_RUNPATH_SEARCH_PATHS = (
					"$(inherited)",
					"@executable_path/Frameworks",
				);
				PRODUCT_BUNDLE_IDENTIFIER = com.tezzio.NoteTekr;
				PRODUCT_NAME = "$(TARGET_NAME)";
				SWIFT_VERSION = 5.0;
				TARGETED_DEVICE_FAMILY = "1,2";
			};
			name = Debug;
		};
		7B80224D255FA29A00E75CD9 /* Release */ = {
			isa = XCBuildConfiguration;
			buildSettings = {
				ASSETCATALOG_COMPILER_APPICON_NAME = AppIcon;
				ASSETCATALOG_COMPILER_GLOBAL_ACCENT_COLOR_NAME = AccentColor;
				CODE_SIGN_STYLE = Automatic;
				DEVELOPMENT_ASSET_PATHS = "\"NoteTekr/Preview Content\"";
				ENABLE_PREVIEWS = YES;
				INFOPLIST_FILE = NoteTekr/Info.plist;
				IPHONEOS_DEPLOYMENT_TARGET = 14.0;
				LD_RUNPATH_SEARCH_PATHS = (
					"$(inherited)",
					"@executable_path/Frameworks",
				);
				PRODUCT_BUNDLE_IDENTIFIER = com.tezzio.NoteTekr;
				PRODUCT_NAME = "$(TARGET_NAME)";
				SWIFT_VERSION = 5.0;
				TARGETED_DEVICE_FAMILY = "1,2";
			};
			name = Release;
		};
/* End XCBuildConfiguration section */

/* Begin XCConfigurationList section */
		7B802237255FA29800E75CD9 /* Build configuration list for PBXProject "NoteTekr" */ = {
			isa = XCConfigurationList;
			buildConfigurations = (
				7B802249255FA29A00E75CD9 /* Debug */,
				7B80224A255FA29A00E75CD9 /* Release */,
			);
			defaultConfigurationIsVisible = 0;
			defaultConfigurationName = Release;
		};
		7B80224B255FA29A00E75CD9 /* Build configuration list for PBXNativeTarget "NoteTekr" */ = {
			isa = XCConfigurationList;
			buildConfigurations = (
				7B80224C255FA29A00E75CD9 /* Debug */,
				7B80224D255FA29A00E75CD9 /* Release */,
			);
			defaultConfigurationIsVisible = 0;
			defaultConfigurationName = Release;
		};
/* End XCConfigurationList section */

/* Begin XCRemoteSwiftPackageReference section */
		7B80227C2560344900E75CD9 /* XCRemoteSwiftPackageReference "Down" */ = {
			isa = XCRemoteSwiftPackageReference;
			repositoryURL = "https://github.com/iwasrobbed/Down";
			requirement = {
				kind = upToNextMajorVersion;
				minimumVersion = 0.9.4;
			};
		};
/* End XCRemoteSwiftPackageReference section */

/* Begin XCSwiftPackageProductDependency section */
		7B80227D2560344900E75CD9 /* Down */ = {
			isa = XCSwiftPackageProductDependency;
			package = 7B80227C2560344900E75CD9 /* XCRemoteSwiftPackageReference "Down" */;
			productName = Down;
		};
/* End XCSwiftPackageProductDependency section */

/* Begin XCVersionGroup section */
		7B802270255FDCBC00E75CD9 /* Model.xcdatamodeld */ = {
			isa = XCVersionGroup;
			children = (
				7B802271255FDCBC00E75CD9 /* Model.xcdatamodel */,
			);
			currentVersion = 7B802271255FDCBC00E75CD9 /* Model.xcdatamodel */;
			path = Model.xcdatamodeld;
			sourceTree = "<group>";
			versionGroupType = wrapper.xcdatamodel;
		};
/* End XCVersionGroup section */
	};
	rootObject = 7B802234255FA29800E75CD9 /* Project object */;
}
