{
  "object": {
    "pins": [
      {
        "package": "Down",
        "repositoryURL": "https://github.com/iwasrobbed/Down",
        "state": {
          "branch": null,
          "revision": "731f6bbab24ab208ea2d6a944e3f8a8a9d5273c7",
          "version": "0.9.4"
        }
      }
    ]
  },
  "version": 1
}
